
Microsoft Visual Studio Solution File, Format Version 12.00
# Visual Studio Version 17
VisualStudioVersion = 17.8.34525.116
MinimumVisualStudioVersion = 10.0.40219.1
Project("{FAE04EC0-301F-11D3-BF4B-00C04F79EFBC}") = "api-sandbox", "api-sandbox\api-sandbox.csproj", "{CFC1627D-3B5C-4365-84E9-77BFF6F0F487}"
EndProject
Global
	GlobalSection(SolutionConfigurationPlatforms) = preSolution
		Debug|Any CPU = Debug|Any CPU
		Release|Any CPU = Release|Any CPU
	EndGlobalSection
	GlobalSection(ProjectConfigurationPlatforms) = postSolution
		{CFC1627D-3B5C-4365-84E9-77BFF6F0F487}.Debug|Any CPU.ActiveCfg = Debug|Any CPU
		{CFC1627D-3B5C-4365-84E9-77BFF6F0F487}.Debug|Any CPU.Build.0 = Debug|Any CPU
		{CFC1627D-3B5C-4365-84E9-77BFF6F0F487}.Release|Any CPU.ActiveCfg = Release|Any CPU
		{CFC1627D-3B5C-4365-84E9-77BFF6F0F487}.Release|Any CPU.Build.0 = Release|Any CPU
	EndGlobalSection
	GlobalSection(SolutionProperties) = preSolution
		HideSolutionNode = FALSE
	EndGlobalSection
	GlobalSection(ExtensibilityGlobals) = postSolution
		SolutionGuid = {7A49D02D-21B8-4D3F-A8DF-B63AB2EAA0EF}
	EndGlobalSection
EndGlobal
